
Microsoft Visual Studio Solution File, Format Version 12.00
# Visual Studio Version 16
VisualStudioVersion = 16.0.31729.503
MinimumVisualStudioVersion = 10.0.40219.1
Project("{FAE04EC0-301F-11D3-BF4B-00C04F79EFBC}") = "BAPI", "BAPI\BAPI.csproj", "{D68FEECD-4580-4C9A-886E-71AAA778E5EE}"
EndProject
Global
	GlobalSection(SolutionConfigurationPlatforms) = preSolution
		Debug|Any CPU = Debug|Any CPU
		Release|Any CPU = Release|Any CPU
	EndGlobalSection
	GlobalSection(ProjectConfigurationPlatforms) = postSolution
		{D68FEECD-4580-4C9A-886E-71AAA778E5EE}.Debug|Any CPU.ActiveCfg = Debug|Any CPU
		{D68FEECD-4580-4C9A-886E-71AAA778E5EE}.Debug|Any CPU.Build.0 = Debug|Any CPU
		{D68FEECD-4580-4C9A-886E-71AAA778E5EE}.Release|Any CPU.ActiveCfg = Release|Any CPU
		{D68FEECD-4580-4C9A-886E-71AAA778E5EE}.Release|Any CPU.Build.0 = Release|Any CPU
	EndGlobalSection
	GlobalSection(SolutionProperties) = preSolution
		HideSolutionNode = FALSE
	EndGlobalSection
	GlobalSection(ExtensibilityGlobals) = postSolution
		SolutionGuid = {5AE4AC9E-19BD-4482-A13E-B2D8D6685F81}
	EndGlobalSection
EndGlobal
